// !$*UTF8*$!
{
	archiveVersion = 1;
	classes = {
	};
	objectVersion = 77;
	objects = {

/* Begin PBXBuildFile section */
		6F0F27FA2FC72410000D8591 /* AsobeeApp.swift in Sources */ = {isa = PBXBuildFile; fileRef = 6F229BB52FC59E7100C0E879 /* AsobeeApp.swift */; };
		6F0F27FB2FC834E8000D8591 /* ContentView.swift in Sources */ = {isa = PBXBuildFile; fileRef = 6F229BB72FC59E7100C0E879 /* ContentView.swift */; };
		6F0F27FC2FC834FF000D8591 /* ChatView.swift in Sources */ = {isa = PBXBuildFile; fileRef = 6F229BB62FC59E7100C0E879 /* ChatView.swift */; };
		6F0F27FD2FC8350F000D8591 /* KiwiMaru-Light.ttf in Resources */ = {isa = PBXBuildFile; fileRef = 6F229BAE2FC59E7100C0E879 /* KiwiMaru-Light.ttf */; };
		6F0F27FE2FC83513000D8591 /* KiwiMaru-Medium.ttf in Resources */ = {isa = PBXBuildFile; fileRef = 6F229BAF2FC59E7100C0E879 /* KiwiMaru-Medium.ttf */; };
		6F0F27FF2FC83517000D8591 /* KiwiMaru-Regular.ttf in Resources */ = {isa = PBXBuildFile; fileRef = 6F229BB02FC59E7100C0E879 /* KiwiMaru-Regular.ttf */; };
		6F0F28002FC8351C000D8591 /* OFL.txt in Resources */ = {isa = PBXBuildFile; fileRef = 6F229BB12FC59E7100C0E879 /* OFL.txt */; };
		6F0F28012FC83521000D8591 /* ChatCashData.swift in Sources */ = {isa = PBXBuildFile; fileRef = 6F229BB32FC59E7100C0E879 /* ChatCashData.swift */; };
		6F0F28022FC83529000D8591 /* PlanView.swift in Sources */ = {isa = PBXBuildFile; fileRef = 6F229BB82FC59E7100C0E879 /* PlanView.swift */; };
		6F0F28032FC8352E000D8591 /* ProfileView.swift in Sources */ = {isa = PBXBuildFile; fileRef = 6F229BB92FC59E7100C0E879 /* ProfileView.swift */; };
		6F0F28042FC83534000D8591 /* AddPlanView.swift in Sources */ = {isa = PBXBuildFile; fileRef = 6F229BBB2FC59E7100C0E879 /* AddPlanView.swift */; };
		6F0F28052FC83538000D8591 /* AddTimeView.swift in Sources */ = {isa = PBXBuildFile; fileRef = 6F229BBC2FC59E7100C0E879 /* AddTimeView.swift */; };
		6F0F28062FC8353F000D8591 /* AnswerView.swift in Sources */ = {isa = PBXBuildFile; fileRef = 6F229BBD2FC59E7100C0E879 /* AnswerView.swift */; };
		6F0F28072FC8354B000D8591 /* CollectPlanData.swift in Sources */ = {isa = PBXBuildFile; fileRef = 6F229BBE2FC59E7100C0E879 /* CollectPlanData.swift */; };
		6F0F28082FC8354F000D8591 /* FinPlanView.swift in Sources */ = {isa = PBXBuildFile; fileRef = 6F229BBF2FC59E7100C0E879 /* FinPlanView.swift */; };
		6F0F28092FC83552000D8591 /* FirebaseLogin.swift in Sources */ = {isa = PBXBuildFile; fileRef = 6F229BC02FC59E7100C0E879 /* FirebaseLogin.swift */; };
		6F0F280A2FC83556000D8591 /* FriendListView.swift in Sources */ = {isa = PBXBuildFile; fileRef = 6F229BC12FC59E7100C0E879 /* FriendListView.swift */; };
		6F0F280B2FC83559000D8591 /* FriendView.swift in Sources */ = {isa = PBXBuildFile; fileRef = 6F229BC22FC59E7100C0E879 /* FriendView.swift */; };
		6F0F280C2FC8355E000D8591 /* GatheringMapView.swift in Sources */ = {isa = PBXBuildFile; fileRef = 6F229BC32FC59E7100C0E879 /* GatheringMapView.swift */; };
		6F0F280D2FC83563000D8591 /* KeepPlanData.swift in Sources */ = {isa = PBXBuildFile; fileRef = 6F229BC42FC59E7100C0E879 /* KeepPlanData.swift */; };
		6F0F280E2FC83568000D8591 /* KeyboadState.swift in Sources */ = {isa = PBXBuildFile; fileRef = 6F229BC52FC59E7100C0E879 /* KeyboadState.swift */; };
		6F0F280F2FC8356B000D8591 /* PlusButtonView.swift in Sources */ = {isa = PBXBuildFile; fileRef = 6F229BC62FC59E7100C0E879 /* PlusButtonView.swift */; };
		6F0F28102FC83570000D8591 /* QuestionnaireView.swift in Sources */ = {isa = PBXBuildFile; fileRef = 6F229BC72FC59E7100C0E879 /* QuestionnaireView.swift */; };
		6F0F28112FC83575000D8591 /* RootView.swift in Sources */ = {isa = PBXBuildFile; fileRef = 6F229BC82FC59E7100C0E879 /* RootView.swift */; };
		6F0F28122FC8357A000D8591 /* SelectFriendsView.swift in Sources */ = {isa = PBXBuildFile; fileRef = 6F229BC92FC59E7100C0E879 /* SelectFriendsView.swift */; };
		6F0F28132FC8357E000D8591 /* setupGitignore.command in Resources */ = {isa = PBXBuildFile; fileRef = 6F229BCA2FC59E7100C0E879 /* setupGitignore.command */; };
		6F0F28152FC83586000D8591 /* ChatViewModel.swift in Sources */ = {isa = PBXBuildFile; fileRef = 6F229BCD2FC59E7100C0E879 /* ChatViewModel.swift */; };
		6F0F28162FC8358A000D8591 /* ConfigAPI.xcconfig in Resources */ = {isa = PBXBuildFile; fileRef = 6F229BCE2FC59E7100C0E879 /* ConfigAPI.xcconfig */; };
		6F0F28172FC8358E000D8591 /* MapViewModel.swift in Sources */ = {isa = PBXBuildFile; fileRef = 6F229BCF2FC59E7100C0E879 /* MapViewModel.swift */; };
		6F0F28182FC83593000D8591 /* PlanModel.swift in Sources */ = {isa = PBXBuildFile; fileRef = 6F229BD02FC59E7100C0E879 /* PlanModel.swift */; };
		6F0F28192FC83597000D8591 /* Assets.xcassets in Resources */ = {isa = PBXBuildFile; fileRef = 6F229BD22FC59E7100C0E879 /* Assets.xcassets */; };
		6F0F281A2FC8359B000D8591 /* GoogleService-Info.plist in Resources */ = {isa = PBXBuildFile; fileRef = 6F229BD32FC59E7100C0E879 /* GoogleService-Info.plist */; };
		6F0F281B2FC8359F000D8591 /* localsearchAPI.swift in Sources */ = {isa = PBXBuildFile; fileRef = 6F229BD42FC59E7100C0E879 /* localsearchAPI.swift */; };
		6F0F281C2FC835A4000D8591 /* ShowMapView.swift in Sources */ = {isa = PBXBuildFile; fileRef = 6F229BD52FC59E7100C0E879 /* ShowMapView.swift */; };
		6F42B2D82FD51A99009C737C /* Answerresult.swift in Sources */ = {isa = PBXBuildFile; fileRef = 6F42B2D72FD51A99009C737C /* Answerresult.swift */; };
		6FD6E3112FC721A1009CE45F /* FirebaseAuth in Frameworks */ = {isa = PBXBuildFile; productRef = 6FD6E3102FC721A1009CE45F /* FirebaseAuth */; };
		6FD6E3132FC721A9009CE45F /* FirebaseCore in Frameworks */ = {isa = PBXBuildFile; productRef = 6FD6E3122FC721A9009CE45F /* FirebaseCore */; };
		6FD6E3152FC721B0009CE45F /* FirebaseDatabase in Frameworks */ = {isa = PBXBuildFile; productRef = 6FD6E3142FC721B0009CE45F /* FirebaseDatabase */; };
		6FD6E3172FC721BD009CE45F /* FirebaseFirestore in Frameworks */ = {isa = PBXBuildFile; productRef = 6FD6E3162FC721BD009CE45F /* FirebaseFirestore */; };
/* End PBXBuildFile section */

/* Begin PBXFileReference section */
		6F0F281D2FC83735000D8591 /* Asobean-Info.plist */ = {isa = PBXFileReference; lastKnownFileType = text.plist; path = "Asobean-Info.plist"; sourceTree = "<group>"; };
		6F229BAE2FC59E7100C0E879 /* KiwiMaru-Light.ttf */ = {isa = PBXFileReference; lastKnownFileType = text; path = "KiwiMaru-Light.ttf"; sourceTree = "<group>"; };
		6F229BAF2FC59E7100C0E879 /* KiwiMaru-Medium.ttf */ = {isa = PBXFileReference; lastKnownFileType = text; path = "KiwiMaru-Medium.ttf"; sourceTree = "<group>"; };
		6F229BB02FC59E7100C0E879 /* KiwiMaru-Regular.ttf */ = {isa = PBXFileReference; lastKnownFileType = text; path = "KiwiMaru-Regular.ttf"; sourceTree = "<group>"; };
		6F229BB12FC59E7100C0E879 /* OFL.txt */ = {isa = PBXFileReference; lastKnownFileType = text; path = OFL.txt; sourceTree = "<group>"; };
		6F229BB32FC59E7100C0E879 /* ChatCashData.swift */ = {isa = PBXFileReference; lastKnownFileType = sourcecode.swift; path = ChatCashData.swift; sourceTree = "<group>"; };
		6F229BB52FC59E7100C0E879 /* AsobeeApp.swift */ = {isa = PBXFileReference; lastKnownFileType = sourcecode.swift; path = AsobeeApp.swift; sourceTree = "<group>"; };
		6F229BB62FC59E7100C0E879 /* ChatView.swift */ = {isa = PBXFileReference; lastKnownFileType = sourcecode.swift; path = ChatView.swift; sourceTree = "<group>"; };
		6F229BB72FC59E7100C0E879 /* ContentView.swift */ = {isa = PBXFileReference; lastKnownFileType = sourcecode.swift; path = ContentView.swift; sourceTree = "<group>"; };
		6F229BB82FC59E7100C0E879 /* PlanView.swift */ = {isa = PBXFileReference; lastKnownFileType = sourcecode.swift; path = PlanView.swift; sourceTree = "<group>"; };
		6F229BB92FC59E7100C0E879 /* ProfileView.swift */ = {isa = PBXFileReference; lastKnownFileType = sourcecode.swift; path = ProfileView.swift; sourceTree = "<group>"; };
		6F229BBB2FC59E7100C0E879 /* AddPlanView.swift */ = {isa = PBXFileReference; lastKnownFileType = sourcecode.swift; path = AddPlanView.swift; sourceTree = "<group>"; };
		6F229BBC2FC59E7100C0E879 /* AddTimeView.swift */ = {isa = PBXFileReference; lastKnownFileType = sourcecode.swift; path = AddTimeView.swift; sourceTree = "<group>"; };
		6F229BBD2FC59E7100C0E879 /* AnswerView.swift */ = {isa = PBXFileReference; lastKnownFileType = sourcecode.swift; path = AnswerView.swift; sourceTree = "<group>"; };
		6F229BBE2FC59E7100C0E879 /* CollectPlanData.swift */ = {isa = PBXFileReference; lastKnownFileType = sourcecode.swift; path = CollectPlanData.swift; sourceTree = "<group>"; };
		6F229BBF2FC59E7100C0E879 /* FinPlanView.swift */ = {isa = PBXFileReference; lastKnownFileType = sourcecode.swift; path = FinPlanView.swift; sourceTree = "<group>"; };
		6F229BC02FC59E7100C0E879 /* FirebaseLogin.swift */ = {isa = PBXFileReference; lastKnownFileType = sourcecode.swift; path = FirebaseLogin.swift; sourceTree = "<group>"; };
		6F229BC12FC59E7100C0E879 /* FriendListView.swift */ = {isa = PBXFileReference; lastKnownFileType = sourcecode.swift; path = FriendListView.swift; sourceTree = "<group>"; };
		6F229BC22FC59E7100C0E879 /* FriendView.swift */ = {isa = PBXFileReference; lastKnownFileType = sourcecode.swift; path = FriendView.swift; sourceTree = "<group>"; };
		6F229BC32FC59E7100C0E879 /* GatheringMapView.swift */ = {isa = PBXFileReference; lastKnownFileType = sourcecode.swift; path = GatheringMapView.swift; sourceTree = "<group>"; };
		6F229BC42FC59E7100C0E879 /* KeepPlanData.swift */ = {isa = PBXFileReference; lastKnownFileType = sourcecode.swift; path = KeepPlanData.swift; sourceTree = "<group>"; };
		6F229BC52FC59E7100C0E879 /* KeyboadState.swift */ = {isa = PBXFileReference; lastKnownFileType = sourcecode.swift; path = KeyboadState.swift; sourceTree = "<group>"; };
		6F229BC62FC59E7100C0E879 /* PlusButtonView.swift */ = {isa = PBXFileReference; lastKnownFileType = sourcecode.swift; path = PlusButtonView.swift; sourceTree = "<group>"; };
		6F229BC72FC59E7100C0E879 /* QuestionnaireView.swift */ = {isa = PBXFileReference; lastKnownFileType = sourcecode.swift; path = QuestionnaireView.swift; sourceTree = "<group>"; };
		6F229BC82FC59E7100C0E879 /* RootView.swift */ = {isa = PBXFileReference; lastKnownFileType = sourcecode.swift; path = RootView.swift; sourceTree = "<group>"; };
		6F229BC92FC59E7100C0E879 /* SelectFriendsView.swift */ = {isa = PBXFileReference; lastKnownFileType = sourcecode.swift; path = SelectFriendsView.swift; sourceTree = "<group>"; };
		6F229BCA2FC59E7100C0E879 /* setupGitignore.command */ = {isa = PBXFileReference; lastKnownFileType = text; path = setupGitignore.command; sourceTree = "<group>"; };
		6F229BCD2FC59E7100C0E879 /* ChatViewModel.swift */ = {isa = PBXFileReference; lastKnownFileType = sourcecode.swift; path = ChatViewModel.swift; sourceTree = "<group>"; };
		6F229BCE2FC59E7100C0E879 /* ConfigAPI.xcconfig */ = {isa = PBXFileReference; lastKnownFileType = text.xcconfig; path = ConfigAPI.xcconfig; sourceTree = "<group>"; };
		6F229BCF2FC59E7100C0E879 /* MapViewModel.swift */ = {isa = PBXFileReference; lastKnownFileType = sourcecode.swift; path = MapViewModel.swift; sourceTree = "<group>"; };
		6F229BD02FC59E7100C0E879 /* PlanModel.swift */ = {isa = PBXFileReference; lastKnownFileType = sourcecode.swift; path = PlanModel.swift; sourceTree = "<group>"; };
		6F229BD22FC59E7100C0E879 /* Assets.xcassets */ = {isa = PBXFileReference; lastKnownFileType = folder.assetcatalog; path = Assets.xcassets; sourceTree = "<group>"; };
		6F229BD32FC59E7100C0E879 /* GoogleService-Info.plist */ = {isa = PBXFileReference; lastKnownFileType = text.plist; path = "GoogleService-Info.plist"; sourceTree = "<group>"; };
		6F229BD42FC59E7100C0E879 /* localsearchAPI.swift */ = {isa = PBXFileReference; lastKnownFileType = sourcecode.swift; path = localsearchAPI.swift; sourceTree = "<group>"; };
		6F229BD52FC59E7100C0E879 /* ShowMapView.swift */ = {isa = PBXFileReference; lastKnownFileType = sourcecode.swift; path = ShowMapView.swift; sourceTree = "<group>"; };
		6F42B2D72FD51A99009C737C /* Answerresult.swift */ = {isa = PBXFileReference; lastKnownFileType = sourcecode.swift; path = Answerresult.swift; sourceTree = "<group>"; };
		6F7A1A212F6AA04700CFAF85 /* Asobean.app */ = {isa = PBXFileReference; explicitFileType = wrapper.application; includeInIndex = 0; path = Asobean.app; sourceTree = BUILT_PRODUCTS_DIR; };
/* End PBXFileReference section */

/* Begin PBXFrameworksBuildPhase section */
		6F7A1A1E2F6AA04700CFAF85 /* Frameworks */ = {
			isa = PBXFrameworksBuildPhase;
			buildActionMask = 2147483647;
			files = (
				6FD6E3152FC721B0009CE45F /* FirebaseDatabase in Frameworks */,
				6FD6E3172FC721BD009CE45F /* FirebaseFirestore in Frameworks */,
				6FD6E3132FC721A9009CE45F /* FirebaseCore in Frameworks */,
				6FD6E3112FC721A1009CE45F /* FirebaseAuth in Frameworks */,
			);
			runOnlyForDeploymentPostprocessing = 0;
		};
/* End PBXFrameworksBuildPhase section */

/* Begin PBXGroup section */
		6F229BB22FC59E7100C0E879 /* Kiwi_Maru */ = {
			isa = PBXGroup;
			children = (
				6F229BAE2FC59E7100C0E879 /* KiwiMaru-Light.ttf */,
				6F229BAF2FC59E7100C0E879 /* KiwiMaru-Medium.ttf */,
				6F229BB02FC59E7100C0E879 /* KiwiMaru-Regular.ttf */,
				6F229BB12FC59E7100C0E879 /* OFL.txt */,
			);
			path = Kiwi_Maru;
			sourceTree = "<group>";
		};
		6F229BB42FC59E7100C0E879 /* Model */ = {
			isa = PBXGroup;
			children = (
				6F229BB32FC59E7100C0E879 /* ChatCashData.swift */,
			);
			path = Model;
			sourceTree = "<group>";
		};
		6F229BBA2FC59E7100C0E879 /* MainView */ = {
			isa = PBXGroup;
			children = (
				6F229BB52FC59E7100C0E879 /* AsobeeApp.swift */,
				6F229BB62FC59E7100C0E879 /* ChatView.swift */,
				6F229BB72FC59E7100C0E879 /* ContentView.swift */,
				6F229BB82FC59E7100C0E879 /* PlanView.swift */,
				6F229BC22FC59E7100C0E879 /* FriendView.swift */,
				6F229BB92FC59E7100C0E879 /* ProfileView.swift */,
			);
			path = MainView;
			sourceTree = "<group>";
		};
		6F229BCB2FC59E7100C0E879 /* View */ = {
			isa = PBXGroup;
			children = (
				6F229BBA2FC59E7100C0E879 /* MainView */,
				6F229BBB2FC59E7100C0E879 /* AddPlanView.swift */,
				6F229BBC2FC59E7100C0E879 /* AddTimeView.swift */,
				6F42B2D72FD51A99009C737C /* Answerresult.swift */,
				6F229BBD2FC59E7100C0E879 /* AnswerView.swift */,
				6F229BBE2FC59E7100C0E879 /* CollectPlanData.swift */,
				6F229BBF2FC59E7100C0E879 /* FinPlanView.swift */,
				6F229BC02FC59E7100C0E879 /* FirebaseLogin.swift */,
				6F229BC12FC59E7100C0E879 /* FriendListView.swift */,
				6F229BC32FC59E7100C0E879 /* GatheringMapView.swift */,
				6F229BC42FC59E7100C0E879 /* KeepPlanData.swift */,
				6F229BC52FC59E7100C0E879 /* KeyboadState.swift */,
				6F229BC62FC59E7100C0E879 /* PlusButtonView.swift */,
				6F229BC72FC59E7100C0E879 /* QuestionnaireView.swift */,
				6F229BC82FC59E7100C0E879 /* RootView.swift */,
				6F229BC92FC59E7100C0E879 /* SelectFriendsView.swift */,
				6F229BCA2FC59E7100C0E879 /* setupGitignore.command */,
			);
			path = View;
			sourceTree = "<group>";
		};
		6F229BD12FC59E7100C0E879 /* ViewModel */ = {
			isa = PBXGroup;
			children = (
				6F229BCD2FC59E7100C0E879 /* ChatViewModel.swift */,
				6F229BCE2FC59E7100C0E879 /* ConfigAPI.xcconfig */,
				6F229BCF2FC59E7100C0E879 /* MapViewModel.swift */,
				6F229BD02FC59E7100C0E879 /* PlanModel.swift */,
			);
			path = ViewModel;
			sourceTree = "<group>";
		};
		6F229BD62FC59E7100C0E879 /* Asobee */ = {
			isa = PBXGroup;
			children = (
				6F229BB22FC59E7100C0E879 /* Kiwi_Maru */,
				6F229BB42FC59E7100C0E879 /* Model */,
				6F229BCB2FC59E7100C0E879 /* View */,
				6F229BD12FC59E7100C0E879 /* ViewModel */,
				6F229BD22FC59E7100C0E879 /* Assets.xcassets */,
				6F229BD32FC59E7100C0E879 /* GoogleService-Info.plist */,
				6F229BD42FC59E7100C0E879 /* localsearchAPI.swift */,
				6F229BD52FC59E7100C0E879 /* ShowMapView.swift */,
			);
			path = Asobee;
			sourceTree = "<group>";
		};
		6F7A1A182F6AA04700CFAF85 = {
			isa = PBXGroup;
			children = (
				6F0F281D2FC83735000D8591 /* Asobean-Info.plist */,
				6F229BD62FC59E7100C0E879 /* Asobee */,
				6F7A1A7E2F6E0BC600CFAF85 /* Frameworks */,
				6F7A1A222F6AA04700CFAF85 /* Products */,
			);
			sourceTree = "<group>";
		};
		6F7A1A222F6AA04700CFAF85 /* Products */ = {
			isa = PBXGroup;
			children = (
				6F7A1A212F6AA04700CFAF85 /* Asobean.app */,
			);
			name = Products;
			sourceTree = "<group>";
		};
		6F7A1A7E2F6E0BC600CFAF85 /* Frameworks */ = {
			isa = PBXGroup;
			children = (
			);
			name = Frameworks;
			sourceTree = "<group>";
		};
/* End PBXGroup section */

/* Begin PBXNativeTarget section */
		6F7A1A202F6AA04700CFAF85 /* Asobean */ = {
			isa = PBXNativeTarget;
			buildConfigurationList = 6F7A1A2C2F6AA04800CFAF85 /* Build configuration list for PBXNativeTarget "Asobean" */;
			buildPhases = (
				6F7A1A1D2F6AA04700CFAF85 /* Sources */,
				6F7A1A1E2F6AA04700CFAF85 /* Frameworks */,
				6F7A1A1F2F6AA04700CFAF85 /* Resources */,
			);
			buildRules = (
			);
			dependencies = (
			);
			name = Asobean;
			packageProductDependencies = (
				6FD6E3102FC721A1009CE45F /* FirebaseAuth */,
				6FD6E3122FC721A9009CE45F /* FirebaseCore */,
				6FD6E3142FC721B0009CE45F /* FirebaseDatabase */,
				6FD6E3162FC721BD009CE45F /* FirebaseFirestore */,
			);
			productName = Asobee;
			productReference = 6F7A1A212F6AA04700CFAF85 /* Asobean.app */;
			productType = "com.apple.product-type.application";
		};
/* End PBXNativeTarget section */

/* Begin PBXProject section */
		6F7A1A192F6AA04700CFAF85 /* Project object */ = {
			isa = PBXProject;
			attributes = {
				BuildIndependentTargetsInParallel = 1;
				LastSwiftUpdateCheck = 2630;
				LastUpgradeCheck = 2640;
				TargetAttributes = {
					6F7A1A202F6AA04700CFAF85 = {
						CreatedOnToolsVersion = 26.3;
					};
				};
			};
			buildConfigurationList = 6F7A1A1C2F6AA04700CFAF85 /* Build configuration list for PBXProject "Asobean" */;
			developmentRegion = en;
			hasScannedForEncodings = 0;
			knownRegions = (
				en,
				Base,
			);
			mainGroup = 6F7A1A182F6AA04700CFAF85;
			minimizedProjectReferenceProxies = 1;
			packageReferences = (
				6FD6E30F2FC72188009CE45F /* XCRemoteSwiftPackageReference "firebase-ios-sdk" */,
			);
			preferredProjectObjectVersion = 77;
			productRefGroup = 6F7A1A222F6AA04700CFAF85 /* Products */;
			projectDirPath = "";
			projectRoot = "";
			targets = (
				6F7A1A202F6AA04700CFAF85 /* Asobean */,
			);
		};
/* End PBXProject section */

/* Begin PBXResourcesBuildPhase section */
		6F7A1A1F2F6AA04700CFAF85 /* Resources */ = {
			isa = PBXResourcesBuildPhase;
			buildActionMask = 2147483647;
			files = (
				6F0F28132FC8357E000D8591 /* setupGitignore.command in Resources */,
				6F0F27FE2FC83513000D8591 /* KiwiMaru-Medium.ttf in Resources */,
				6F0F281A2FC8359B000D8591 /* GoogleService-Info.plist in Resources */,
				6F0F28162FC8358A000D8591 /* ConfigAPI.xcconfig in Resources */,
				6F0F27FF2FC83517000D8591 /* KiwiMaru-Regular.ttf in Resources */,
				6F0F28002FC8351C000D8591 /* OFL.txt in Resources */,
				6F0F28192FC83597000D8591 /* Assets.xcassets in Resources */,
				6F0F27FD2FC8350F000D8591 /* KiwiMaru-Light.ttf in Resources */,
			);
			runOnlyForDeploymentPostprocessing = 0;
		};
/* End PBXResourcesBuildPhase section */

/* Begin PBXSourcesBuildPhase section */
		6F7A1A1D2F6AA04700CFAF85 /* Sources */ = {
			isa = PBXSourcesBuildPhase;
			buildActionMask = 2147483647;
			files = (
				6F0F280B2FC83559000D8591 /* FriendView.swift in Sources */,
				6F0F28092FC83552000D8591 /* FirebaseLogin.swift in Sources */,
				6F0F28102FC83570000D8591 /* QuestionnaireView.swift in Sources */,
				6F0F28122FC8357A000D8591 /* SelectFriendsView.swift in Sources */,
				6F0F27FB2FC834E8000D8591 /* ContentView.swift in Sources */,
				6F0F28112FC83575000D8591 /* RootView.swift in Sources */,
				6F0F28082FC8354F000D8591 /* FinPlanView.swift in Sources */,
				6F42B2D82FD51A99009C737C /* Answerresult.swift in Sources */,
				6F0F27FC2FC834FF000D8591 /* ChatView.swift in Sources */,
				6F0F28042FC83534000D8591 /* AddPlanView.swift in Sources */,
				6F0F280F2FC8356B000D8591 /* PlusButtonView.swift in Sources */,
				6F0F281C2FC835A4000D8591 /* ShowMapView.swift in Sources */,
				6F0F28072FC8354B000D8591 /* CollectPlanData.swift in Sources */,
				6F0F28172FC8358E000D8591 /* MapViewModel.swift in Sources */,
				6F0F280D2FC83563000D8591 /* KeepPlanData.swift in Sources */,
				6F0F28012FC83521000D8591 /* ChatCashData.swift in Sources */,
				6F0F28182FC83593000D8591 /* PlanModel.swift in Sources */,
				6F0F27FA2FC72410000D8591 /* AsobeeApp.swift in Sources */,
				6F0F280E2FC83568000D8591 /* KeyboadState.swift in Sources */,
				6F0F28062FC8353F000D8591 /* AnswerView.swift in Sources */,
				6F0F280C2FC8355E000D8591 /* GatheringMapView.swift in Sources */,
				6F0F28032FC8352E000D8591 /* ProfileView.swift in Sources */,
				6F0F28022FC83529000D8591 /* PlanView.swift in Sources */,
				6F0F280A2FC83556000D8591 /* FriendListView.swift in Sources */,
				6F0F28152FC83586000D8591 /* ChatViewModel.swift in Sources */,
				6F0F281B2FC8359F000D8591 /* localsearchAPI.swift in Sources */,
				6F0F28052FC83538000D8591 /* AddTimeView.swift in Sources */,
			);
			runOnlyForDeploymentPostprocessing = 0;
		};
/* End PBXSourcesBuildPhase section */

/* Begin XCBuildConfiguration section */
		6F7A1A2A2F6AA04800CFAF85 /* Debug */ = {
			isa = XCBuildConfiguration;
			buildSettings = {
				ALWAYS_SEARCH_USER_PATHS = NO;
				ASSETCATALOG_COMPILER_GENERATE_SWIFT_ASSET_SYMBOL_EXTENSIONS = YES;
				CLANG_ANALYZER_NONNULL = YES;
				CLANG_ANALYZER_NUMBER_OBJECT_CONVERSION = YES_AGGRESSIVE;
				CLANG_CXX_LANGUAGE_STANDARD = "gnu++20";
				CLANG_ENABLE_MODULES = YES;
				CLANG_ENABLE_OBJC_ARC = YES;
				CLANG_ENABLE_OBJC_WEAK = YES;
				CLANG_WARN_BLOCK_CAPTURE_AUTORELEASING = YES;
				CLANG_WARN_BOOL_CONVERSION = YES;
				CLANG_WARN_COMMA = YES;
				CLANG_WARN_CONSTANT_CONVERSION = YES;
				CLANG_WARN_DEPRECATED_OBJC_IMPLEMENTATIONS = YES;
				CLANG_WARN_DIRECT_OBJC_ISA_USAGE = YES_ERROR;
				CLANG_WARN_DOCUMENTATION_COMMENTS = YES;
				CLANG_WARN_EMPTY_BODY = YES;
				CLANG_WARN_ENUM_CONVERSION = YES;
				CLANG_WARN_INFINITE_RECURSION = YES;
				CLANG_WARN_INT_CONVERSION = YES;
				CLANG_WARN_NON_LITERAL_NULL_CONVERSION = YES;
				CLANG_WARN_OBJC_IMPLICIT_RETAIN_SELF = YES;
				CLANG_WARN_OBJC_LITERAL_CONVERSION = YES;
				CLANG_WARN_OBJC_ROOT_CLASS = YES_ERROR;
				CLANG_WARN_QUOTED_INCLUDE_IN_FRAMEWORK_HEADER = YES;
				CLANG_WARN_RANGE_LOOP_ANALYSIS = YES;
				CLANG_WARN_STRICT_PROTOTYPES = YES;
				CLANG_WARN_SUSPICIOUS_MOVE = YES;
				CLANG_WARN_UNGUARDED_AVAILABILITY = YES_AGGRESSIVE;
				CLANG_WARN_UNREACHABLE_CODE = YES;
				CLANG_WARN__DUPLICATE_METHOD_MATCH = YES;
				COPY_PHASE_STRIP = NO;
				DEBUG_INFORMATION_FORMAT = dwarf;
				DEVELOPMENT_TEAM = KGUWL47KG5;
				ENABLE_STRICT_OBJC_MSGSEND = YES;
				ENABLE_TESTABILITY = YES;
				ENABLE_USER_SCRIPT_SANDBOXING = YES;
				GCC_C_LANGUAGE_STANDARD = gnu17;
				GCC_DYNAMIC_NO_PIC = NO;
				GCC_NO_COMMON_BLOCKS = YES;
				GCC_OPTIMIZATION_LEVEL = 0;
				GCC_PREPROCESSOR_DEFINITIONS = (
					"DEBUG=1",
					"$(inherited)",
				);
				GCC_WARN_64_TO_32_BIT_CONVERSION = YES;
				GCC_WARN_ABOUT_RETURN_TYPE = YES_ERROR;
				GCC_WARN_UNDECLARED_SELECTOR = YES;
				GCC_WARN_UNINITIALIZED_AUTOS = YES_AGGRESSIVE;
				GCC_WARN_UNUSED_FUNCTION = YES;
				GCC_WARN_UNUSED_VARIABLE = YES;
				IPHONEOS_DEPLOYMENT_TARGET = 26.2;
				LOCALIZATION_PREFERS_STRING_CATALOGS = YES;
				MTL_ENABLE_DEBUG_INFO = INCLUDE_SOURCE;
				MTL_FAST_MATH = YES;
				ONLY_ACTIVE_ARCH = YES;
				SDKROOT = iphoneos;
				STRING_CATALOG_GENERATE_SYMBOLS = YES;
				SWIFT_ACTIVE_COMPILATION_CONDITIONS = "DEBUG $(inherited)";
				SWIFT_OPTIMIZATION_LEVEL = "-Onone";
			};
			name = Debug;
		};
		6F7A1A2B2F6AA04800CFAF85 /* Release */ = {
			isa = XCBuildConfiguration;
			buildSettings = {
				ALWAYS_SEARCH_USER_PATHS = NO;
				ASSETCATALOG_COMPILER_GENERATE_SWIFT_ASSET_SYMBOL_EXTENSIONS = YES;
				CLANG_ANALYZER_NONNULL = YES;
				CLANG_ANALYZER_NUMBER_OBJECT_CONVERSION = YES_AGGRESSIVE;
				CLANG_CXX_LANGUAGE_STANDARD = "gnu++20";
				CLANG_ENABLE_MODULES = YES;
				CLANG_ENABLE_OBJC_ARC = YES;
				CLANG_ENABLE_OBJC_WEAK = YES;
				CLANG_WARN_BLOCK_CAPTURE_AUTORELEASING = YES;
				CLANG_WARN_BOOL_CONVERSION = YES;
				CLANG_WARN_COMMA = YES;
				CLANG_WARN_CONSTANT_CONVERSION = YES;
				CLANG_WARN_DEPRECATED_OBJC_IMPLEMENTATIONS = YES;
				CLANG_WARN_DIRECT_OBJC_ISA_USAGE = YES_ERROR;
				CLANG_WARN_DOCUMENTATION_COMMENTS = YES;
				CLANG_WARN_EMPTY_BODY = YES;
				CLANG_WARN_ENUM_CONVERSION = YES;
				CLANG_WARN_INFINITE_RECURSION = YES;
				CLANG_WARN_INT_CONVERSION = YES;
				CLANG_WARN_NON_LITERAL_NULL_CONVERSION = YES;
				CLANG_WARN_OBJC_IMPLICIT_RETAIN_SELF = YES;
				CLANG_WARN_OBJC_LITERAL_CONVERSION = YES;
				CLANG_WARN_OBJC_ROOT_CLASS = YES_ERROR;
				CLANG_WARN_QUOTED_INCLUDE_IN_FRAMEWORK_HEADER = YES;
				CLANG_WARN_RANGE_LOOP_ANALYSIS = YES;
				CLANG_WARN_STRICT_PROTOTYPES = YES;
				CLANG_WARN_SUSPICIOUS_MOVE = YES;
				CLANG_WARN_UNGUARDED_AVAILABILITY = YES_AGGRESSIVE;
				CLANG_WARN_UNREACHABLE_CODE = YES;
				CLANG_WARN__DUPLICATE_METHOD_MATCH = YES;
				COPY_PHASE_STRIP = NO;
				DEBUG_INFORMATION_FORMAT = "dwarf-with-dsym";
				DEVELOPMENT_TEAM = KGUWL47KG5;
				ENABLE_NS_ASSERTIONS = NO;
				ENABLE_STRICT_OBJC_MSGSEND = YES;
				ENABLE_USER_SCRIPT_SANDBOXING = YES;
				GCC_C_LANGUAGE_STANDARD = gnu17;
				GCC_NO_COMMON_BLOCKS = YES;
				GCC_WARN_64_TO_32_BIT_CONVERSION = YES;
				GCC_WARN_ABOUT_RETURN_TYPE = YES_ERROR;
				GCC_WARN_UNDECLARED_SELECTOR = YES;
				GCC_WARN_UNINITIALIZED_AUTOS = YES_AGGRESSIVE;
				GCC_WARN_UNUSED_FUNCTION = YES;
				GCC_WARN_UNUSED_VARIABLE = YES;
				IPHONEOS_DEPLOYMENT_TARGET = 26.2;
				LOCALIZATION_PREFERS_STRING_CATALOGS = YES;
				MTL_ENABLE_DEBUG_INFO = NO;
				MTL_FAST_MATH = YES;
				SDKROOT = iphoneos;
				STRING_CATALOG_GENERATE_SYMBOLS = YES;
				SWIFT_COMPILATION_MODE = wholemodule;
				VALIDATE_PRODUCT = YES;
			};
			name = Release;
		};
		6F7A1A2D2F6AA04800CFAF85 /* Debug */ = {
			isa = XCBuildConfiguration;
			buildSettings = {
				ASSETCATALOG_COMPILER_APPICON_NAME = AppIcon;
				ASSETCATALOG_COMPILER_GLOBAL_ACCENT_COLOR_NAME = AccentColor;
				CODE_SIGN_STYLE = Automatic;
				CURRENT_PROJECT_VERSION = 1;
				DEVELOPMENT_ASSET_PATHS = "";
				DEVELOPMENT_TEAM = WG5YA2ZVUM;
				ENABLE_PREVIEWS = YES;
				GENERATE_INFOPLIST_FILE = YES;
				INFOPLIST_FILE = "Asobean-Info.plist";
				INFOPLIST_KEY_LSApplicationCategoryType = "";
				INFOPLIST_KEY_UIApplicationSceneManifest_Generation = YES;
				INFOPLIST_KEY_UIApplicationSupportsIndirectInputEvents = YES;
				INFOPLIST_KEY_UILaunchScreen_Generation = YES;
				INFOPLIST_KEY_UISupportedInterfaceOrientations_iPad = "UIInterfaceOrientationPortrait UIInterfaceOrientationPortraitUpsideDown UIInterfaceOrientationLandscapeLeft UIInterfaceOrientationLandscapeRight";
				INFOPLIST_KEY_UISupportedInterfaceOrientations_iPhone = "UIInterfaceOrientationPortrait UIInterfaceOrientationLandscapeLeft UIInterfaceOrientationLandscapeRight";
				LD_RUNPATH_SEARCH_PATHS = (
					"$(inherited)",
					"@executable_path/Frameworks",
				);
				MARKETING_VERSION = 1.0;
				PRODUCT_BUNDLE_IDENTIFIER = app.SuzukiMasa926.Asobean.Dev;
				PRODUCT_NAME = "$(TARGET_NAME)";
				STRING_CATALOG_GENERATE_SYMBOLS = YES;
				SWIFT_APPROACHABLE_CONCURRENCY = YES;
				SWIFT_DEFAULT_ACTOR_ISOLATION = MainActor;
				SWIFT_EMIT_LOC_STRINGS = YES;
				SWIFT_UPCOMING_FEATURE_MEMBER_IMPORT_VISIBILITY = YES;
				SWIFT_VERSION = 5.0;
				TARGETED_DEVICE_FAMILY = "1,2";
			};
			name = Debug;
		};
		6F7A1A2E2F6AA04800CFAF85 /* Release */ = {
			isa = XCBuildConfiguration;
			buildSettings = {
				ASSETCATALOG_COMPILER_APPICON_NAME = AppIcon;
				ASSETCATALOG_COMPILER_GLOBAL_ACCENT_COLOR_NAME = AccentColor;
				CODE_SIGN_STYLE = Automatic;
				CURRENT_PROJECT_VERSION = 1;
				DEVELOPMENT_ASSET_PATHS = "";
				DEVELOPMENT_TEAM = WG5YA2ZVUM;
				ENABLE_PREVIEWS = YES;
				GENERATE_INFOPLIST_FILE = YES;
				INFOPLIST_FILE = "Asobean-Info.plist";
				INFOPLIST_KEY_LSApplicationCategoryType = "";
				INFOPLIST_KEY_UIApplicationSceneManifest_Generation = YES;
				INFOPLIST_KEY_UIApplicationSupportsIndirectInputEvents = YES;
				INFOPLIST_KEY_UILaunchScreen_Generation = YES;
				INFOPLIST_KEY_UISupportedInterfaceOrientations_iPad = "UIInterfaceOrientationPortrait UIInterfaceOrientationPortraitUpsideDown UIInterfaceOrientationLandscapeLeft UIInterfaceOrientationLandscapeRight";
				INFOPLIST_KEY_UISupportedInterfaceOrientations_iPhone = "UIInterfaceOrientationPortrait UIInterfaceOrientationLandscapeLeft UIInterfaceOrientationLandscapeRight";
				LD_RUNPATH_SEARCH_PATHS = (
					"$(inherited)",
					"@executable_path/Frameworks",
				);
				MARKETING_VERSION = 1.0;
				PRODUCT_BUNDLE_IDENTIFIER = app.SuzukiMasa926.Asobean.Dev;
				PRODUCT_NAME = "$(TARGET_NAME)";
				STRING_CATALOG_GENERATE_SYMBOLS = YES;
				SWIFT_APPROACHABLE_CONCURRENCY = YES;
				SWIFT_DEFAULT_ACTOR_ISOLATION = MainActor;
				SWIFT_EMIT_LOC_STRINGS = YES;
				SWIFT_UPCOMING_FEATURE_MEMBER_IMPORT_VISIBILITY = YES;
				SWIFT_VERSION = 5.0;
				TARGETED_DEVICE_FAMILY = "1,2";
			};
			name = Release;
		};
/* End XCBuildConfiguration section */

/* Begin XCConfigurationList section */
		6F7A1A1C2F6AA04700CFAF85 /* Build configuration list for PBXProject "Asobean" */ = {
			isa = XCConfigurationList;
			buildConfigurations = (
				6F7A1A2A2F6AA04800CFAF85 /* Debug */,
				6F7A1A2B2F6AA04800CFAF85 /* Release */,
			);
			defaultConfigurationIsVisible = 0;
			defaultConfigurationName = Release;
		};
		6F7A1A2C2F6AA04800CFAF85 /* Build configuration list for PBXNativeTarget "Asobean" */ = {
			isa = XCConfigurationList;
			buildConfigurations = (
				6F7A1A2D2F6AA04800CFAF85 /* Debug */,
				6F7A1A2E2F6AA04800CFAF85 /* Release */,
			);
			defaultConfigurationIsVisible = 0;
			defaultConfigurationName = Release;
		};
/* End XCConfigurationList section */

/* Begin XCRemoteSwiftPackageReference section */
		6FD6E30F2FC72188009CE45F /* XCRemoteSwiftPackageReference "firebase-ios-sdk" */ = {
			isa = XCRemoteSwiftPackageReference;
			repositoryURL = "https://github.com/firebase/firebase-ios-sdk";
			requirement = {
				kind = upToNextMajorVersion;
				minimumVersion = 12.14.0;
			};
		};
/* End XCRemoteSwiftPackageReference section */

/* Begin XCSwiftPackageProductDependency section */
		6FD6E3102FC721A1009CE45F /* FirebaseAuth */ = {
			isa = XCSwiftPackageProductDependency;
			package = 6FD6E30F2FC72188009CE45F /* XCRemoteSwiftPackageReference "firebase-ios-sdk" */;
			productName = FirebaseAuth;
		};
		6FD6E3122FC721A9009CE45F /* FirebaseCore */ = {
			isa = XCSwiftPackageProductDependency;
			package = 6FD6E30F2FC72188009CE45F /* XCRemoteSwiftPackageReference "firebase-ios-sdk" */;
			productName = FirebaseCore;
		};
		6FD6E3142FC721B0009CE45F /* FirebaseDatabase */ = {
			isa = XCSwiftPackageProductDependency;
			package = 6FD6E30F2FC72188009CE45F /* XCRemoteSwiftPackageReference "firebase-ios-sdk" */;
			productName = FirebaseDatabase;
		};
		6FD6E3162FC721BD009CE45F /* FirebaseFirestore */ = {
			isa = XCSwiftPackageProductDependency;
			package = 6FD6E30F2FC72188009CE45F /* XCRemoteSwiftPackageReference "firebase-ios-sdk" */;
			productName = FirebaseFirestore;
		};
/* End XCSwiftPackageProductDependency section */
	};
	rootObject = 6F7A1A192F6AA04700CFAF85 /* Project object */;
}
